// !$*UTF8*$!
{
	archiveVersion = 1;
	classes = {
	};
	objectVersion = 52;
	objects = {

/* Begin PBXBuildFile section */
		4271185C234DE6E1000E77D7 /* DashboardWorker.swift in Sources */ = {isa = PBXBuildFile; fileRef = 42711857234DE6E1000E77D7 /* DashboardWorker.swift */; };
		4271185D234DE6E1000E77D7 /* DashboardDataModel.swift in Sources */ = {isa = PBXBuildFile; fileRef = 42711859234DE6E1000E77D7 /* DashboardDataModel.swift */; };
		4271185E234DE6E1000E77D7 /* DashboardViewController.swift in Sources */ = {isa = PBXBuildFile; fileRef = 4271185B234DE6E1000E77D7 /* DashboardViewController.swift */; };
		42711861234DE82B000E77D7 /* DashboardViewModel.swift in Sources */ = {isa = PBXBuildFile; fileRef = 42711860234DE82B000E77D7 /* DashboardViewModel.swift */; };
		4271186A234E0936000E77D7 /* USBNavigator.swift in Sources */ = {isa = PBXBuildFile; fileRef = 42711868234E0936000E77D7 /* USBNavigator.swift */; };
		4271186B234E0936000E77D7 /* UIBroker.swift in Sources */ = {isa = PBXBuildFile; fileRef = 42711869234E0936000E77D7 /* UIBroker.swift */; };
		4271186E234E095F000E77D7 /* LogUtil.swift in Sources */ = {isa = PBXBuildFile; fileRef = 4271186D234E095F000E77D7 /* LogUtil.swift */; };
		42711871234E0A0A000E77D7 /* UIViewController+Extension.swift in Sources */ = {isa = PBXBuildFile; fileRef = 42711870234E0A0A000E77D7 /* UIViewController+Extension.swift */; };
		42711873234E0AD5000E77D7 /* NSObject+Extension.swift in Sources */ = {isa = PBXBuildFile; fileRef = 42711872234E0AD5000E77D7 /* NSObject+Extension.swift */; };
		42711877234E0B4E000E77D7 /* GlobalConstants.swift in Sources */ = {isa = PBXBuildFile; fileRef = 42711876234E0B4E000E77D7 /* GlobalConstants.swift */; };
		4271187A234E0BB5000E77D7 /* BaseViewController.swift in Sources */ = {isa = PBXBuildFile; fileRef = 42711879234E0BB5000E77D7 /* BaseViewController.swift */; };
		4271187F234E0C45000E77D7 /* ActivityIndicatorView.swift in Sources */ = {isa = PBXBuildFile; fileRef = 4271187E234E0C45000E77D7 /* ActivityIndicatorView.swift */; };
		42711881234E0C6C000E77D7 /* LoadingIndicatorViewController.swift in Sources */ = {isa = PBXBuildFile; fileRef = 42711880234E0C6C000E77D7 /* LoadingIndicatorViewController.swift */; };
		42711883234E1343000E77D7 /* Navigation.plist in Resources */ = {isa = PBXBuildFile; fileRef = 42711882234E1342000E77D7 /* Navigation.plist */; };
		42711889234E2A93000E77D7 /* ProspectsViewController.swift in Sources */ = {isa = PBXBuildFile; fileRef = 42711888234E2A93000E77D7 /* ProspectsViewController.swift */; };
		42711899234E2B5D000E77D7 /* ProspectsWorker.swift in Sources */ = {isa = PBXBuildFile; fileRef = 42711894234E2B5D000E77D7 /* ProspectsWorker.swift */; };
		4271189A234E2B5D000E77D7 /* ProspectsDataModel.swift in Sources */ = {isa = PBXBuildFile; fileRef = 42711896234E2B5D000E77D7 /* ProspectsDataModel.swift */; };
		4271189B234E2B5D000E77D7 /* ProspectsViewModel.swift in Sources */ = {isa = PBXBuildFile; fileRef = 42711898234E2B5D000E77D7 /* ProspectsViewModel.swift */; };
		4271189D234E2BED000E77D7 /* ProspectsConstants.swift in Sources */ = {isa = PBXBuildFile; fileRef = 4271189C234E2BED000E77D7 /* ProspectsConstants.swift */; };
		427118A0234E31EB000E77D7 /* DashboardService.swift in Sources */ = {isa = PBXBuildFile; fileRef = 4271189F234E31EB000E77D7 /* DashboardService.swift */; };
		427118A2234E32D2000E77D7 /* NetworkManager in Frameworks */ = {isa = PBXBuildFile; productRef = 427118A1234E32D2000E77D7 /* NetworkManager */; };
		427118A5234E6FA3000E77D7 /* DashboardConstants.swift in Sources */ = {isa = PBXBuildFile; fileRef = 427118A4234E6FA3000E77D7 /* DashboardConstants.swift */; };
		427118A7234E720A000E77D7 /* Theme.swift in Sources */ = {isa = PBXBuildFile; fileRef = 427118A6234E720A000E77D7 /* Theme.swift */; };
		427118AA234E817A000E77D7 /* ProspectsService.swift in Sources */ = {isa = PBXBuildFile; fileRef = 427118A9234E817A000E77D7 /* ProspectsService.swift */; };
		427118AC234E81A3000E77D7 /* CandidatesService.swift in Sources */ = {isa = PBXBuildFile; fileRef = 427118AB234E81A3000E77D7 /* CandidatesService.swift */; };
		8182BD04234DD20A0031ED76 /* GoogleService-Info.plist in Resources */ = {isa = PBXBuildFile; fileRef = 8182BD03234DD20A0031ED76 /* GoogleService-Info.plist */; };
		9E07D9BE234DB4FE00135FE0 /* Constants.swift in Sources */ = {isa = PBXBuildFile; fileRef = 9E07D9BD234DB4FE00135FE0 /* Constants.swift */; };
		9E07D9C7234DD0D500135FE0 /* LoginViewModel.swift in Sources */ = {isa = PBXBuildFile; fileRef = 9E07D9C3234DD0D500135FE0 /* LoginViewModel.swift */; };
		9E07D9C8234DD0D500135FE0 /* LoginViewController.swift in Sources */ = {isa = PBXBuildFile; fileRef = 9E07D9C6234DD0D500135FE0 /* LoginViewController.swift */; };
		9E1EFCAC234D85E4005EE644 /* Assets.xcassets in Resources */ = {isa = PBXBuildFile; fileRef = 9E1EFCAB234D85E4005EE644 /* Assets.xcassets */; };
		9E1EFCC0234D863E005EE644 /* AppDelegate.swift in Sources */ = {isa = PBXBuildFile; fileRef = 9E1EFCB9234D863E005EE644 /* AppDelegate.swift */; };
		9E1EFCC1234D863E005EE644 /* LaunchScreen.storyboard in Resources */ = {isa = PBXBuildFile; fileRef = 9E1EFCBB234D863E005EE644 /* LaunchScreen.storyboard */; };
		9E1EFCC2234D863E005EE644 /* Main.storyboard in Resources */ = {isa = PBXBuildFile; fileRef = 9E1EFCBD234D863E005EE644 /* Main.storyboard */; };
		9ECE3D69234DEE2400904C07 /* Services.plist in Resources */ = {isa = PBXBuildFile; fileRef = 9ECE3D68234DEE2400904C07 /* Services.plist */; };
		9ED17BD8234DD78D00DB7A43 /* skillSet.json in Resources */ = {isa = PBXBuildFile; fileRef = 9ED17BD6234DD78D00DB7A43 /* skillSet.json */; };
		9ED17BD9234DD78D00DB7A43 /* accounts.json in Resources */ = {isa = PBXBuildFile; fileRef = 9ED17BD7234DD78D00DB7A43 /* accounts.json */; };
		ED892DEED1FDA898DCF3B7BC /* Pods_HRForecast.framework in Frameworks */ = {isa = PBXBuildFile; fileRef = 10B8CAA22F6F0C97BBD5FA34 /* Pods_HRForecast.framework */; };
/* End PBXBuildFile section */

/* Begin PBXFileReference section */
		10B8CAA22F6F0C97BBD5FA34 /* Pods_HRForecast.framework */ = {isa = PBXFileReference; explicitFileType = wrapper.framework; includeInIndex = 0; path = Pods_HRForecast.framework; sourceTree = BUILT_PRODUCTS_DIR; };
		42711857234DE6E1000E77D7 /* DashboardWorker.swift */ = {isa = PBXFileReference; fileEncoding = 4; lastKnownFileType = sourcecode.swift; path = DashboardWorker.swift; sourceTree = "<group>"; };
		42711859234DE6E1000E77D7 /* DashboardDataModel.swift */ = {isa = PBXFileReference; fileEncoding = 4; lastKnownFileType = sourcecode.swift; path = DashboardDataModel.swift; sourceTree = "<group>"; };
		4271185B234DE6E1000E77D7 /* DashboardViewController.swift */ = {isa = PBXFileReference; fileEncoding = 4; lastKnownFileType = sourcecode.swift; path = DashboardViewController.swift; sourceTree = "<group>"; };
		42711860234DE82B000E77D7 /* DashboardViewModel.swift */ = {isa = PBXFileReference; fileEncoding = 4; lastKnownFileType = sourcecode.swift; path = DashboardViewModel.swift; sourceTree = "<group>"; };
		42711868234E0936000E77D7 /* USBNavigator.swift */ = {isa = PBXFileReference; fileEncoding = 4; lastKnownFileType = sourcecode.swift; path = USBNavigator.swift; sourceTree = "<group>"; };
		42711869234E0936000E77D7 /* UIBroker.swift */ = {isa = PBXFileReference; fileEncoding = 4; lastKnownFileType = sourcecode.swift; path = UIBroker.swift; sourceTree = "<group>"; };
		4271186D234E095F000E77D7 /* LogUtil.swift */ = {isa = PBXFileReference; fileEncoding = 4; lastKnownFileType = sourcecode.swift; path = LogUtil.swift; sourceTree = "<group>"; };
		42711870234E0A0A000E77D7 /* UIViewController+Extension.swift */ = {isa = PBXFileReference; fileEncoding = 4; lastKnownFileType = sourcecode.swift; path = "UIViewController+Extension.swift"; sourceTree = "<group>"; };
		42711872234E0AD5000E77D7 /* NSObject+Extension.swift */ = {isa = PBXFileReference; lastKnownFileType = sourcecode.swift; path = "NSObject+Extension.swift"; sourceTree = "<group>"; };
		42711876234E0B4E000E77D7 /* GlobalConstants.swift */ = {isa = PBXFileReference; lastKnownFileType = sourcecode.swift; path = GlobalConstants.swift; sourceTree = "<group>"; };
		42711879234E0BB5000E77D7 /* BaseViewController.swift */ = {isa = PBXFileReference; lastKnownFileType = sourcecode.swift; path = BaseViewController.swift; sourceTree = "<group>"; };
		4271187E234E0C45000E77D7 /* ActivityIndicatorView.swift */ = {isa = PBXFileReference; lastKnownFileType = sourcecode.swift; path = ActivityIndicatorView.swift; sourceTree = "<group>"; };
		42711880234E0C6C000E77D7 /* LoadingIndicatorViewController.swift */ = {isa = PBXFileReference; fileEncoding = 4; lastKnownFileType = sourcecode.swift; path = LoadingIndicatorViewController.swift; sourceTree = "<group>"; };
		42711882234E1342000E77D7 /* Navigation.plist */ = {isa = PBXFileReference; fileEncoding = 4; lastKnownFileType = text.plist.xml; path = Navigation.plist; sourceTree = "<group>"; };
		42711888234E2A93000E77D7 /* ProspectsViewController.swift */ = {isa = PBXFileReference; lastKnownFileType = sourcecode.swift; path = ProspectsViewController.swift; sourceTree = "<group>"; };
		42711894234E2B5D000E77D7 /* ProspectsWorker.swift */ = {isa = PBXFileReference; fileEncoding = 4; lastKnownFileType = sourcecode.swift; path = ProspectsWorker.swift; sourceTree = "<group>"; };
		42711896234E2B5D000E77D7 /* ProspectsDataModel.swift */ = {isa = PBXFileReference; fileEncoding = 4; lastKnownFileType = sourcecode.swift; path = ProspectsDataModel.swift; sourceTree = "<group>"; };
		42711898234E2B5D000E77D7 /* ProspectsViewModel.swift */ = {isa = PBXFileReference; fileEncoding = 4; lastKnownFileType = sourcecode.swift; path = ProspectsViewModel.swift; sourceTree = "<group>"; };
		4271189C234E2BED000E77D7 /* ProspectsConstants.swift */ = {isa = PBXFileReference; lastKnownFileType = sourcecode.swift; path = ProspectsConstants.swift; sourceTree = "<group>"; };
		4271189F234E31EB000E77D7 /* DashboardService.swift */ = {isa = PBXFileReference; lastKnownFileType = sourcecode.swift; path = DashboardService.swift; sourceTree = "<group>"; };
		427118A4234E6FA3000E77D7 /* DashboardConstants.swift */ = {isa = PBXFileReference; lastKnownFileType = sourcecode.swift; path = DashboardConstants.swift; sourceTree = "<group>"; };
		427118A6234E720A000E77D7 /* Theme.swift */ = {isa = PBXFileReference; lastKnownFileType = sourcecode.swift; path = Theme.swift; sourceTree = "<group>"; };
		427118A9234E817A000E77D7 /* ProspectsService.swift */ = {isa = PBXFileReference; fileEncoding = 4; lastKnownFileType = sourcecode.swift; path = ProspectsService.swift; sourceTree = "<group>"; };
		427118AB234E81A3000E77D7 /* CandidatesService.swift */ = {isa = PBXFileReference; lastKnownFileType = sourcecode.swift; path = CandidatesService.swift; sourceTree = "<group>"; };
		8182BD03234DD20A0031ED76 /* GoogleService-Info.plist */ = {isa = PBXFileReference; fileEncoding = 4; lastKnownFileType = text.plist.xml; path = "GoogleService-Info.plist"; sourceTree = "<group>"; };
		9E07D9BD234DB4FE00135FE0 /* Constants.swift */ = {isa = PBXFileReference; fileEncoding = 4; lastKnownFileType = sourcecode.swift; path = Constants.swift; sourceTree = "<group>"; };
		9E07D9C3234DD0D500135FE0 /* LoginViewModel.swift */ = {isa = PBXFileReference; fileEncoding = 4; lastKnownFileType = sourcecode.swift; path = LoginViewModel.swift; sourceTree = "<group>"; };
		9E07D9C6234DD0D500135FE0 /* LoginViewController.swift */ = {isa = PBXFileReference; fileEncoding = 4; lastKnownFileType = sourcecode.swift; path = LoginViewController.swift; sourceTree = "<group>"; };
		9E1EFCA1234D85E3005EE644 /* HRForecast.app */ = {isa = PBXFileReference; explicitFileType = wrapper.application; includeInIndex = 0; path = HRForecast.app; sourceTree = BUILT_PRODUCTS_DIR; };
		9E1EFCAB234D85E4005EE644 /* Assets.xcassets */ = {isa = PBXFileReference; lastKnownFileType = folder.assetcatalog; path = Assets.xcassets; sourceTree = "<group>"; };
		9E1EFCB0234D85E4005EE644 /* Info.plist */ = {isa = PBXFileReference; lastKnownFileType = text.plist.xml; path = Info.plist; sourceTree = "<group>"; };
		9E1EFCB9234D863E005EE644 /* AppDelegate.swift */ = {isa = PBXFileReference; fileEncoding = 4; lastKnownFileType = sourcecode.swift; path = AppDelegate.swift; sourceTree = "<group>"; };
		9E1EFCBC234D863E005EE644 /* Base */ = {isa = PBXFileReference; lastKnownFileType = file.storyboard; name = Base; path = Base.lproj/LaunchScreen.storyboard; sourceTree = "<group>"; };
		9E1EFCBE234D863E005EE644 /* Base */ = {isa = PBXFileReference; lastKnownFileType = file.storyboard; name = Base; path = Base.lproj/Main.storyboard; sourceTree = "<group>"; };
		9ECE3D68234DEE2400904C07 /* Services.plist */ = {isa = PBXFileReference; lastKnownFileType = text.plist.xml; path = Services.plist; sourceTree = "<group>"; };
		9ED17BD6234DD78D00DB7A43 /* skillSet.json */ = {isa = PBXFileReference; fileEncoding = 4; lastKnownFileType = text.json; path = skillSet.json; sourceTree = "<group>"; };
		9ED17BD7234DD78D00DB7A43 /* accounts.json */ = {isa = PBXFileReference; fileEncoding = 4; lastKnownFileType = text.json; path = accounts.json; sourceTree = "<group>"; };
		D2E943906CCC2DAA077AB16D /* Pods-HRForecast.release.xcconfig */ = {isa = PBXFileReference; includeInIndex = 1; lastKnownFileType = text.xcconfig; name = "Pods-HRForecast.release.xcconfig"; path = "Target Support Files/Pods-HRForecast/Pods-HRForecast.release.xcconfig"; sourceTree = "<group>"; };
		F6F7E59642828619B7F24520 /* Pods-HRForecast.debug.xcconfig */ = {isa = PBXFileReference; includeInIndex = 1; lastKnownFileType = text.xcconfig; name = "Pods-HRForecast.debug.xcconfig"; path = "Target Support Files/Pods-HRForecast/Pods-HRForecast.debug.xcconfig"; sourceTree = "<group>"; };
/* End PBXFileReference section */

/* Begin PBXFrameworksBuildPhase section */
		9E1EFC9E234D85E3005EE644 /* Frameworks */ = {
			isa = PBXFrameworksBuildPhase;
			buildActionMask = 2147483647;
			files = (
				ED892DEED1FDA898DCF3B7BC /* Pods_HRForecast.framework in Frameworks */,
				427118A2234E32D2000E77D7 /* NetworkManager in Frameworks */,
			);
			runOnlyForDeploymentPostprocessing = 0;
		};
/* End PBXFrameworksBuildPhase section */

/* Begin PBXGroup section */
		42711855234DE6E1000E77D7 /* Dashboard */ = {
			isa = PBXGroup;
			children = (
				427118A3234E6F93000E77D7 /* Constants */,
				4271189E234E31B0000E77D7 /* Service */,
				4271185F234DE82B000E77D7 /* ViewModel */,
				42711856234DE6E1000E77D7 /* Workers */,
				42711858234DE6E1000E77D7 /* DataModel */,
				4271185A234DE6E1000E77D7 /* ViewController */,
			);
			path = Dashboard;
			sourceTree = "<group>";
		};
		42711856234DE6E1000E77D7 /* Workers */ = {
			isa = PBXGroup;
			children = (
				42711857234DE6E1000E77D7 /* DashboardWorker.swift */,
			);
			path = Workers;
			sourceTree = "<group>";
		};
		42711858234DE6E1000E77D7 /* DataModel */ = {
			isa = PBXGroup;
			children = (
				42711859234DE6E1000E77D7 /* DashboardDataModel.swift */,
			);
			path = DataModel;
			sourceTree = "<group>";
		};
		4271185A234DE6E1000E77D7 /* ViewController */ = {
			isa = PBXGroup;
			children = (
				4271185B234DE6E1000E77D7 /* DashboardViewController.swift */,
			);
			path = ViewController;
			sourceTree = "<group>";
		};
		4271185F234DE82B000E77D7 /* ViewModel */ = {
			isa = PBXGroup;
			children = (
				42711860234DE82B000E77D7 /* DashboardViewModel.swift */,
			);
			path = ViewModel;
			sourceTree = "<group>";
		};
		42711862234E08B3000E77D7 /* Common */ = {
			isa = PBXGroup;
			children = (
				42711875234E0B42000E77D7 /* Constants */,
				4271186F234E0A0A000E77D7 /* Helpers */,
				4271186C234E0940000E77D7 /* Log */,
				42711867234E0936000E77D7 /* Navigation */,
			);
			path = Common;
			sourceTree = "<group>";
		};
		42711867234E0936000E77D7 /* Navigation */ = {
			isa = PBXGroup;
			children = (
				42711868234E0936000E77D7 /* USBNavigator.swift */,
				42711869234E0936000E77D7 /* UIBroker.swift */,
			);
			path = Navigation;
			sourceTree = "<group>";
		};
		4271186C234E0940000E77D7 /* Log */ = {
			isa = PBXGroup;
			children = (
				4271186D234E095F000E77D7 /* LogUtil.swift */,
			);
			path = Log;
			sourceTree = "<group>";
		};
		4271186F234E0A0A000E77D7 /* Helpers */ = {
			isa = PBXGroup;
			children = (
				42711878234E0BAB000E77D7 /* UI */,
				42711870234E0A0A000E77D7 /* UIViewController+Extension.swift */,
				42711872234E0AD5000E77D7 /* NSObject+Extension.swift */,
			);
			path = Helpers;
			sourceTree = "<group>";
		};
		42711875234E0B42000E77D7 /* Constants */ = {
			isa = PBXGroup;
			children = (
				42711876234E0B4E000E77D7 /* GlobalConstants.swift */,
			);
			path = Constants;
			sourceTree = "<group>";
		};
		42711878234E0BAB000E77D7 /* UI */ = {
			isa = PBXGroup;
			children = (
				4271187D234E0C38000E77D7 /* LoadingIndicator */,
				42711879234E0BB5000E77D7 /* BaseViewController.swift */,
				427118A6234E720A000E77D7 /* Theme.swift */,
			);
			path = UI;
			sourceTree = "<group>";
		};
		4271187D234E0C38000E77D7 /* LoadingIndicator */ = {
			isa = PBXGroup;
			children = (
				42711880234E0C6C000E77D7 /* LoadingIndicatorViewController.swift */,
				4271187E234E0C45000E77D7 /* ActivityIndicatorView.swift */,
			);
			path = LoadingIndicator;
			sourceTree = "<group>";
		};
		42711884234E29D8000E77D7 /* Prospects */ = {
			isa = PBXGroup;
			children = (
				427118A8234E817A000E77D7 /* Service */,
				42711895234E2B5D000E77D7 /* DataModel */,
				42711897234E2B5D000E77D7 /* ViewModel */,
				42711893234E2B5D000E77D7 /* Workers */,
				42711885234E29E4000E77D7 /* ViewController */,
				4271189C234E2BED000E77D7 /* ProspectsConstants.swift */,
			);
			path = Prospects;
			sourceTree = "<group>";
		};
		42711885234E29E4000E77D7 /* ViewController */ = {
			isa = PBXGroup;
			children = (
				42711888234E2A93000E77D7 /* ProspectsViewController.swift */,
			);
			path = ViewController;
			sourceTree = "<group>";
		};
		42711893234E2B5D000E77D7 /* Workers */ = {
			isa = PBXGroup;
			children = (
				42711894234E2B5D000E77D7 /* ProspectsWorker.swift */,
			);
			path = Workers;
			sourceTree = "<group>";
		};
		42711895234E2B5D000E77D7 /* DataModel */ = {
			isa = PBXGroup;
			children = (
				42711896234E2B5D000E77D7 /* ProspectsDataModel.swift */,
			);
			path = DataModel;
			sourceTree = "<group>";
		};
		42711897234E2B5D000E77D7 /* ViewModel */ = {
			isa = PBXGroup;
			children = (
				42711898234E2B5D000E77D7 /* ProspectsViewModel.swift */,
			);
			path = ViewModel;
			sourceTree = "<group>";
		};
		4271189E234E31B0000E77D7 /* Service */ = {
			isa = PBXGroup;
			children = (
				4271189F234E31EB000E77D7 /* DashboardService.swift */,
			);
			path = Service;
			sourceTree = "<group>";
		};
		427118A3234E6F93000E77D7 /* Constants */ = {
			isa = PBXGroup;
			children = (
				427118A4234E6FA3000E77D7 /* DashboardConstants.swift */,
			);
			path = Constants;
			sourceTree = "<group>";
		};
		427118A8234E817A000E77D7 /* Service */ = {
			isa = PBXGroup;
			children = (
				427118A9234E817A000E77D7 /* ProspectsService.swift */,
				427118AB234E81A3000E77D7 /* CandidatesService.swift */,
			);
			path = Service;
			sourceTree = "<group>";
		};
		9E07D9BC234DB4FE00135FE0 /* Constants */ = {
			isa = PBXGroup;
			children = (
				9E07D9BD234DB4FE00135FE0 /* Constants.swift */,
			);
			path = Constants;
			sourceTree = "<group>";
		};
		9E07D9BF234DD0D500135FE0 /* Modules */ = {
			isa = PBXGroup;
			children = (
				42711884234E29D8000E77D7 /* Prospects */,
				42711855234DE6E1000E77D7 /* Dashboard */,
				9E07D9C0234DD0D500135FE0 /* Login */,
			);
			path = Modules;
			sourceTree = "<group>";
		};
		9E07D9C0234DD0D500135FE0 /* Login */ = {
			isa = PBXGroup;
			children = (
				9E07D9C1234DD0D500135FE0 /* ViewModel */,
				9E07D9C4234DD0D500135FE0 /* ViewController */,
			);
			path = Login;
			sourceTree = "<group>";
		};
		9E07D9C1234DD0D500135FE0 /* ViewModel */ = {
			isa = PBXGroup;
			children = (
				9E07D9C2234DD0D500135FE0 /* LoginViewModel */,
			);
			path = ViewModel;
			sourceTree = "<group>";
		};
		9E07D9C2234DD0D500135FE0 /* LoginViewModel */ = {
			isa = PBXGroup;
			children = (
				9E07D9C3234DD0D500135FE0 /* LoginViewModel.swift */,
			);
			path = LoginViewModel;
			sourceTree = "<group>";
		};
		9E07D9C4234DD0D500135FE0 /* ViewController */ = {
			isa = PBXGroup;
			children = (
				9E07D9C5234DD0D500135FE0 /* LoginViewController */,
			);
			path = ViewController;
			sourceTree = "<group>";
		};
		9E07D9C5234DD0D500135FE0 /* LoginViewController */ = {
			isa = PBXGroup;
			children = (
				9E07D9C6234DD0D500135FE0 /* LoginViewController.swift */,
			);
			path = LoginViewController;
			sourceTree = "<group>";
		};
		9E1EFC98234D85E3005EE644 = {
			isa = PBXGroup;
			children = (
				9E1EFCA3234D85E3005EE644 /* HRForecast */,
				9E1EFCA2234D85E3005EE644 /* Products */,
				B16ED7B5F00822DA5AC42D9C /* Pods */,
				E5B7F4D903E50696667EAB94 /* Frameworks */,
			);
			sourceTree = "<group>";
		};
		9E1EFCA2234D85E3005EE644 /* Products */ = {
			isa = PBXGroup;
			children = (
				9E1EFCA1234D85E3005EE644 /* HRForecast.app */,
			);
			name = Products;
			sourceTree = "<group>";
		};
		9E1EFCA3234D85E3005EE644 /* HRForecast */ = {
			isa = PBXGroup;
			children = (
				42711862234E08B3000E77D7 /* Common */,
				9ED17BD4234DD78D00DB7A43 /* SupportingFiles */,
				8182BD03234DD20A0031ED76 /* GoogleService-Info.plist */,
				9E07D9BF234DD0D500135FE0 /* Modules */,
				9E07D9BC234DB4FE00135FE0 /* Constants */,
				9E1EFCBA234D863E005EE644 /* UserInterface */,
				9E1EFCB8234D863E005EE644 /* AppDelegate */,
				9E1EFCAB234D85E4005EE644 /* Assets.xcassets */,
				9E1EFCB0234D85E4005EE644 /* Info.plist */,
			);
			path = HRForecast;
			sourceTree = "<group>";
		};
		9E1EFCB8234D863E005EE644 /* AppDelegate */ = {
			isa = PBXGroup;
			children = (
				9E1EFCB9234D863E005EE644 /* AppDelegate.swift */,
			);
			path = AppDelegate;
			sourceTree = "<group>";
		};
		9E1EFCBA234D863E005EE644 /* UserInterface */ = {
			isa = PBXGroup;
			children = (
				9E1EFCBB234D863E005EE644 /* LaunchScreen.storyboard */,
				9E1EFCBD234D863E005EE644 /* Main.storyboard */,
			);
			path = UserInterface;
			sourceTree = "<group>";
		};
		9ED17BD4234DD78D00DB7A43 /* SupportingFiles */ = {
			isa = PBXGroup;
			children = (
				42711882234E1342000E77D7 /* Navigation.plist */,
				9ECE3D68234DEE2400904C07 /* Services.plist */,
				9ED17BD5234DD78D00DB7A43 /* MockJson */,
			);
			path = SupportingFiles;
			sourceTree = "<group>";
		};
		9ED17BD5234DD78D00DB7A43 /* MockJson */ = {
			isa = PBXGroup;
			children = (
				9ED17BD6234DD78D00DB7A43 /* skillSet.json */,
				9ED17BD7234DD78D00DB7A43 /* accounts.json */,
			);
			path = MockJson;
			sourceTree = "<group>";
		};
		B16ED7B5F00822DA5AC42D9C /* Pods */ = {
			isa = PBXGroup;
			children = (
				F6F7E59642828619B7F24520 /* Pods-HRForecast.debug.xcconfig */,
				D2E943906CCC2DAA077AB16D /* Pods-HRForecast.release.xcconfig */,
			);
			path = Pods;
			sourceTree = "<group>";
		};
		E5B7F4D903E50696667EAB94 /* Frameworks */ = {
			isa = PBXGroup;
			children = (
				10B8CAA22F6F0C97BBD5FA34 /* Pods_HRForecast.framework */,
			);
			name = Frameworks;
			sourceTree = "<group>";
		};
/* End PBXGroup section */

/* Begin PBXNativeTarget section */
		9E1EFCA0234D85E3005EE644 /* HRForecast */ = {
			isa = PBXNativeTarget;
			buildConfigurationList = 9E1EFCB3234D85E4005EE644 /* Build configuration list for PBXNativeTarget "HRForecast" */;
			buildPhases = (
				E2AB5C9897D808F5EF6A1FB3 /* [CP] Check Pods Manifest.lock */,
				9E1EFC9D234D85E3005EE644 /* Sources */,
				9E1EFC9E234D85E3005EE644 /* Frameworks */,
				9E1EFC9F234D85E3005EE644 /* Resources */,
				4D59C58F16B9A575F7238FB4 /* [CP] Embed Pods Frameworks */,
			);
			buildRules = (
			);
			dependencies = (
			);
			name = HRForecast;
			packageProductDependencies = (
				427118A1234E32D2000E77D7 /* NetworkManager */,
			);
			productName = HRForecast;
			productReference = 9E1EFCA1234D85E3005EE644 /* HRForecast.app */;
			productType = "com.apple.product-type.application";
		};
/* End PBXNativeTarget section */

/* Begin PBXProject section */
		9E1EFC99234D85E3005EE644 /* Project object */ = {
			isa = PBXProject;
			attributes = {
				LastSwiftUpdateCheck = 1020;
				LastUpgradeCheck = 1020;
				ORGANIZATIONNAME = Sapient;
				TargetAttributes = {
					9E1EFCA0234D85E3005EE644 = {
						CreatedOnToolsVersion = 10.2;
					};
				};
			};
			buildConfigurationList = 9E1EFC9C234D85E3005EE644 /* Build configuration list for PBXProject "HRForecast" */;
			compatibilityVersion = "Xcode 9.3";
			developmentRegion = en;
			hasScannedForEncodings = 0;
			knownRegions = (
				en,
				Base,
			);
			mainGroup = 9E1EFC98234D85E3005EE644;
			productRefGroup = 9E1EFCA2234D85E3005EE644 /* Products */;
			projectDirPath = "";
			projectRoot = "";
			targets = (
				9E1EFCA0234D85E3005EE644 /* HRForecast */,
			);
		};
/* End PBXProject section */

/* Begin PBXResourcesBuildPhase section */
		9E1EFC9F234D85E3005EE644 /* Resources */ = {
			isa = PBXResourcesBuildPhase;
			buildActionMask = 2147483647;
			files = (
				9E1EFCC2234D863E005EE644 /* Main.storyboard in Resources */,
				9ED17BD9234DD78D00DB7A43 /* accounts.json in Resources */,
				8182BD04234DD20A0031ED76 /* GoogleService-Info.plist in Resources */,
				42711883234E1343000E77D7 /* Navigation.plist in Resources */,
				9ECE3D69234DEE2400904C07 /* Services.plist in Resources */,
				9ED17BD8234DD78D00DB7A43 /* skillSet.json in Resources */,
				9E1EFCAC234D85E4005EE644 /* Assets.xcassets in Resources */,
				9E1EFCC1234D863E005EE644 /* LaunchScreen.storyboard in Resources */,
			);
			runOnlyForDeploymentPostprocessing = 0;
		};
/* End PBXResourcesBuildPhase section */

/* Begin PBXShellScriptBuildPhase section */
		4D59C58F16B9A575F7238FB4 /* [CP] Embed Pods Frameworks */ = {
			isa = PBXShellScriptBuildPhase;
			buildActionMask = 2147483647;
			files = (
			);
			inputFileListPaths = (
				"${PODS_ROOT}/Target Support Files/Pods-HRForecast/Pods-HRForecast-frameworks-${CONFIGURATION}-input-files.xcfilelist",
			);
			name = "[CP] Embed Pods Frameworks";
			outputFileListPaths = (
				"${PODS_ROOT}/Target Support Files/Pods-HRForecast/Pods-HRForecast-frameworks-${CONFIGURATION}-output-files.xcfilelist",
			);
			runOnlyForDeploymentPostprocessing = 0;
			shellPath = /bin/sh;
			shellScript = "\"${PODS_ROOT}/Target Support Files/Pods-HRForecast/Pods-HRForecast-frameworks.sh\"\n";
			showEnvVarsInLog = 0;
		};
		E2AB5C9897D808F5EF6A1FB3 /* [CP] Check Pods Manifest.lock */ = {
			isa = PBXShellScriptBuildPhase;
			buildActionMask = 2147483647;
			files = (
			);
			inputFileListPaths = (
			);
			inputPaths = (
				"${PODS_PODFILE_DIR_PATH}/Podfile.lock",
				"${PODS_ROOT}/Manifest.lock",
			);
			name = "[CP] Check Pods Manifest.lock";
			outputFileListPaths = (
			);
			outputPaths = (
				"$(DERIVED_FILE_DIR)/Pods-HRForecast-checkManifestLockResult.txt",
			);
			runOnlyForDeploymentPostprocessing = 0;
			shellPath = /bin/sh;
			shellScript = "diff \"${PODS_PODFILE_DIR_PATH}/Podfile.lock\" \"${PODS_ROOT}/Manifest.lock\" > /dev/null\nif [ $? != 0 ] ; then\n    # print error to STDERR\n    echo \"error: The sandbox is not in sync with the Podfile.lock. Run 'pod install' or update your CocoaPods installation.\" >&2\n    exit 1\nfi\n# This output is used by Xcode 'outputs' to avoid re-running this script phase.\necho \"SUCCESS\" > \"${SCRIPT_OUTPUT_FILE_0}\"\n";
			showEnvVarsInLog = 0;
		};
/* End PBXShellScriptBuildPhase section */

/* Begin PBXSourcesBuildPhase section */
		9E1EFC9D234D85E3005EE644 /* Sources */ = {
			isa = PBXSourcesBuildPhase;
			buildActionMask = 2147483647;
			files = (
				9E07D9C7234DD0D500135FE0 /* LoginViewModel.swift in Sources */,
				42711881234E0C6C000E77D7 /* LoadingIndicatorViewController.swift in Sources */,
				42711871234E0A0A000E77D7 /* UIViewController+Extension.swift in Sources */,
				4271186A234E0936000E77D7 /* USBNavigator.swift in Sources */,
				4271185C234DE6E1000E77D7 /* DashboardWorker.swift in Sources */,
				4271186E234E095F000E77D7 /* LogUtil.swift in Sources */,
				42711861234DE82B000E77D7 /* DashboardViewModel.swift in Sources */,
				42711877234E0B4E000E77D7 /* GlobalConstants.swift in Sources */,
				427118A5234E6FA3000E77D7 /* DashboardConstants.swift in Sources */,
				427118AA234E817A000E77D7 /* ProspectsService.swift in Sources */,
				42711899234E2B5D000E77D7 /* ProspectsWorker.swift in Sources */,
				427118A0234E31EB000E77D7 /* DashboardService.swift in Sources */,
				9E1EFCC0234D863E005EE644 /* AppDelegate.swift in Sources */,
				427118A7234E720A000E77D7 /* Theme.swift in Sources */,
				4271186B234E0936000E77D7 /* UIBroker.swift in Sources */,
				4271189A234E2B5D000E77D7 /* ProspectsDataModel.swift in Sources */,
				9E07D9C8234DD0D500135FE0 /* LoginViewController.swift in Sources */,
				42711889234E2A93000E77D7 /* ProspectsViewController.swift in Sources */,
				9E07D9BE234DB4FE00135FE0 /* Constants.swift in Sources */,
				4271189B234E2B5D000E77D7 /* ProspectsViewModel.swift in Sources */,
				4271185D234DE6E1000E77D7 /* DashboardDataModel.swift in Sources */,
				4271187A234E0BB5000E77D7 /* BaseViewController.swift in Sources */,
				4271189D234E2BED000E77D7 /* ProspectsConstants.swift in Sources */,
				4271187F234E0C45000E77D7 /* ActivityIndicatorView.swift in Sources */,
				427118AC234E81A3000E77D7 /* CandidatesService.swift in Sources */,
				4271185E234DE6E1000E77D7 /* DashboardViewController.swift in Sources */,
				42711873234E0AD5000E77D7 /* NSObject+Extension.swift in Sources */,
			);
			runOnlyForDeploymentPostprocessing = 0;
		};
/* End PBXSourcesBuildPhase section */

/* Begin PBXVariantGroup section */
		9E1EFCBB234D863E005EE644 /* LaunchScreen.storyboard */ = {
			isa = PBXVariantGroup;
			children = (
				9E1EFCBC234D863E005EE644 /* Base */,
			);
			name = LaunchScreen.storyboard;
			sourceTree = "<group>";
		};
		9E1EFCBD234D863E005EE644 /* Main.storyboard */ = {
			isa = PBXVariantGroup;
			children = (
				9E1EFCBE234D863E005EE644 /* Base */,
			);
			name = Main.storyboard;
			sourceTree = "<group>";
		};
/* End PBXVariantGroup section */

/* Begin XCBuildConfiguration section */
		9E1EFCB1234D85E4005EE644 /* Debug */ = {
			isa = XCBuildConfiguration;
			buildSettings = {
				ALWAYS_SEARCH_USER_PATHS = NO;
				CLANG_ANALYZER_NONNULL = YES;
				CLANG_ANALYZER_NUMBER_OBJECT_CONVERSION = YES_AGGRESSIVE;
				CLANG_CXX_LANGUAGE_STANDARD = "gnu++14";
				CLANG_CXX_LIBRARY = "libc++";
				CLANG_ENABLE_MODULES = YES;
				CLANG_ENABLE_OBJC_ARC = YES;
				CLANG_ENABLE_OBJC_WEAK = YES;
				CLANG_WARN_BLOCK_CAPTURE_AUTORELEASING = YES;
				CLANG_WARN_BOOL_CONVERSION = YES;
				CLANG_WARN_COMMA = YES;
				CLANG_WARN_CONSTANT_CONVERSION = YES;
				CLANG_WARN_DEPRECATED_OBJC_IMPLEMENTATIONS = YES;
				CLANG_WARN_DIRECT_OBJC_ISA_USAGE = YES_ERROR;
				CLANG_WARN_DOCUMENTATION_COMMENTS = YES;
				CLANG_WARN_EMPTY_BODY = YES;
				CLANG_WARN_ENUM_CONVERSION = YES;
				CLANG_WARN_INFINITE_RECURSION = YES;
				CLANG_WARN_INT_CONVERSION = YES;
				CLANG_WARN_NON_LITERAL_NULL_CONVERSION = YES;
				CLANG_WARN_OBJC_IMPLICIT_RETAIN_SELF = YES;
				CLANG_WARN_OBJC_LITERAL_CONVERSION = YES;
				CLANG_WARN_OBJC_ROOT_CLASS = YES_ERROR;
				CLANG_WARN_RANGE_LOOP_ANALYSIS = YES;
				CLANG_WARN_STRICT_PROTOTYPES = YES;
				CLANG_WARN_SUSPICIOUS_MOVE = YES;
				CLANG_WARN_UNGUARDED_AVAILABILITY = YES_AGGRESSIVE;
				CLANG_WARN_UNREACHABLE_CODE = YES;
				CLANG_WARN__DUPLICATE_METHOD_MATCH = YES;
				CODE_SIGN_IDENTITY = "iPhone Developer";
				COPY_PHASE_STRIP = NO;
				DEBUG_INFORMATION_FORMAT = dwarf;
				ENABLE_STRICT_OBJC_MSGSEND = YES;
				ENABLE_TESTABILITY = YES;
				GCC_C_LANGUAGE_STANDARD = gnu11;
				GCC_DYNAMIC_NO_PIC = NO;
				GCC_NO_COMMON_BLOCKS = YES;
				GCC_OPTIMIZATION_LEVEL = 0;
				GCC_PREPROCESSOR_DEFINITIONS = (
					"DEBUG=1",
					"$(inherited)",
				);
				GCC_WARN_64_TO_32_BIT_CONVERSION = YES;
				GCC_WARN_ABOUT_RETURN_TYPE = YES_ERROR;
				GCC_WARN_UNDECLARED_SELECTOR = YES;
				GCC_WARN_UNINITIALIZED_AUTOS = YES_AGGRESSIVE;
				GCC_WARN_UNUSED_FUNCTION = YES;
				GCC_WARN_UNUSED_VARIABLE = YES;
				IPHONEOS_DEPLOYMENT_TARGET = 12.0;
				MTL_ENABLE_DEBUG_INFO = INCLUDE_SOURCE;
				MTL_FAST_MATH = YES;
				ONLY_ACTIVE_ARCH = YES;
				SDKROOT = iphoneos;
				SWIFT_ACTIVE_COMPILATION_CONDITIONS = DEBUG;
				SWIFT_OPTIMIZATION_LEVEL = "-Onone";
			};
			name = Debug;
		};
		9E1EFCB2234D85E4005EE644 /* Release */ = {
			isa = XCBuildConfiguration;
			buildSettings = {
				ALWAYS_SEARCH_USER_PATHS = NO;
				CLANG_ANALYZER_NONNULL = YES;
				CLANG_ANALYZER_NUMBER_OBJECT_CONVERSION = YES_AGGRESSIVE;
				CLANG_CXX_LANGUAGE_STANDARD = "gnu++14";
				CLANG_CXX_LIBRARY = "libc++";
				CLANG_ENABLE_MODULES = YES;
				CLANG_ENABLE_OBJC_ARC = YES;
				CLANG_ENABLE_OBJC_WEAK = YES;
				CLANG_WARN_BLOCK_CAPTURE_AUTORELEASING = YES;
				CLANG_WARN_BOOL_CONVERSION = YES;
				CLANG_WARN_COMMA = YES;
				CLANG_WARN_CONSTANT_CONVERSION = YES;
				CLANG_WARN_DEPRECATED_OBJC_IMPLEMENTATIONS = YES;
				CLANG_WARN_DIRECT_OBJC_ISA_USAGE = YES_ERROR;
				CLANG_WARN_DOCUMENTATION_COMMENTS = YES;
				CLANG_WARN_EMPTY_BODY = YES;
				CLANG_WARN_ENUM_CONVERSION = YES;
				CLANG_WARN_INFINITE_RECURSION = YES;
				CLANG_WARN_INT_CONVERSION = YES;
				CLANG_WARN_NON_LITERAL_NULL_CONVERSION = YES;
				CLANG_WARN_OBJC_IMPLICIT_RETAIN_SELF = YES;
				CLANG_WARN_OBJC_LITERAL_CONVERSION = YES;
				CLANG_WARN_OBJC_ROOT_CLASS = YES_ERROR;
				CLANG_WARN_RANGE_LOOP_ANALYSIS = YES;
				CLANG_WARN_STRICT_PROTOTYPES = YES;
				CLANG_WARN_SUSPICIOUS_MOVE = YES;
				CLANG_WARN_UNGUARDED_AVAILABILITY = YES_AGGRESSIVE;
				CLANG_WARN_UNREACHABLE_CODE = YES;
				CLANG_WARN__DUPLICATE_METHOD_MATCH = YES;
				CODE_SIGN_IDENTITY = "iPhone Developer";
				COPY_PHASE_STRIP = NO;
				DEBUG_INFORMATION_FORMAT = "dwarf-with-dsym";
				ENABLE_NS_ASSERTIONS = NO;
				ENABLE_STRICT_OBJC_MSGSEND = YES;
				GCC_C_LANGUAGE_STANDARD = gnu11;
				GCC_NO_COMMON_BLOCKS = YES;
				GCC_WARN_64_TO_32_BIT_CONVERSION = YES;
				GCC_WARN_ABOUT_RETURN_TYPE = YES_ERROR;
				GCC_WARN_UNDECLARED_SELECTOR = YES;
				GCC_WARN_UNINITIALIZED_AUTOS = YES_AGGRESSIVE;
				GCC_WARN_UNUSED_FUNCTION = YES;
				GCC_WARN_UNUSED_VARIABLE = YES;
				IPHONEOS_DEPLOYMENT_TARGET = 12.0;
				MTL_ENABLE_DEBUG_INFO = NO;
				MTL_FAST_MATH = YES;
				SDKROOT = iphoneos;
				SWIFT_COMPILATION_MODE = wholemodule;
				SWIFT_OPTIMIZATION_LEVEL = "-O";
				VALIDATE_PRODUCT = YES;
			};
			name = Release;
		};
		9E1EFCB4234D85E4005EE644 /* Debug */ = {
			isa = XCBuildConfiguration;
			baseConfigurationReference = F6F7E59642828619B7F24520 /* Pods-HRForecast.debug.xcconfig */;
			buildSettings = {
				ASSETCATALOG_COMPILER_APPICON_NAME = AppIcon;
				CODE_SIGN_IDENTITY = "Apple Development";
				CODE_SIGN_STYLE = Automatic;
				DEVELOPMENT_TEAM = WF3EBW4WGK;
				INFOPLIST_FILE = HRForecast/Info.plist;
				IPHONEOS_DEPLOYMENT_TARGET = 12.0;
				LD_RUNPATH_SEARCH_PATHS = (
					"$(inherited)",
					"@executable_path/Frameworks",
				);
				PRODUCT_BUNDLE_IDENTIFIER = com.sapient.techmonk.HRForecast;
				PRODUCT_NAME = "$(TARGET_NAME)";
				PROVISIONING_PROFILE_SPECIFIER = "";
				SWIFT_VERSION = 4.2;
				TARGETED_DEVICE_FAMILY = 2;
			};
			name = Debug;
		};
		9E1EFCB5234D85E4005EE644 /* Release */ = {
			isa = XCBuildConfiguration;
			baseConfigurationReference = D2E943906CCC2DAA077AB16D /* Pods-HRForecast.release.xcconfig */;
			buildSettings = {
				ASSETCATALOG_COMPILER_APPICON_NAME = AppIcon;
				CODE_SIGN_IDENTITY = "Apple Development";
				CODE_SIGN_STYLE = Automatic;
				DEVELOPMENT_TEAM = WF3EBW4WGK;
				INFOPLIST_FILE = HRForecast/Info.plist;
				IPHONEOS_DEPLOYMENT_TARGET = 12.0;
				LD_RUNPATH_SEARCH_PATHS = (
					"$(inherited)",
					"@executable_path/Frameworks",
				);
				PRODUCT_BUNDLE_IDENTIFIER = com.sapient.techmonk.HRForecast;
				PRODUCT_NAME = "$(TARGET_NAME)";
				PROVISIONING_PROFILE_SPECIFIER = "";
				SWIFT_VERSION = 4.2;
				TARGETED_DEVICE_FAMILY = 2;
			};
			name = Release;
		};
/* End XCBuildConfiguration section */

/* Begin XCConfigurationList section */
		9E1EFC9C234D85E3005EE644 /* Build configuration list for PBXProject "HRForecast" */ = {
			isa = XCConfigurationList;
			buildConfigurations = (
				9E1EFCB1234D85E4005EE644 /* Debug */,
				9E1EFCB2234D85E4005EE644 /* Release */,
			);
			defaultConfigurationIsVisible = 0;
			defaultConfigurationName = Release;
		};
		9E1EFCB3234D85E4005EE644 /* Build configuration list for PBXNativeTarget "HRForecast" */ = {
			isa = XCConfigurationList;
			buildConfigurations = (
				9E1EFCB4234D85E4005EE644 /* Debug */,
				9E1EFCB5234D85E4005EE644 /* Release */,
			);
			defaultConfigurationIsVisible = 0;
			defaultConfigurationName = Release;
		};
/* End XCConfigurationList section */

/* Begin XCSwiftPackageProductDependency section */
		427118A1234E32D2000E77D7 /* NetworkManager */ = {
			isa = XCSwiftPackageProductDependency;
			productName = NetworkManager;
		};
/* End XCSwiftPackageProductDependency section */
	};
	rootObject = 9E1EFC99234D85E3005EE644 /* Project object */;
}
